
Microsoft Visual Studio Solution File, Format Version 12.00
# Visual Studio 14
VisualStudioVersion = 14.0.25420.1
MinimumVisualStudioVersion = 10.0.40219.1
Project("{2150E333-8FDC-42A3-9474-1A3956D46DE8}") = "src", "src", "{D2C0927C-64A5-4974-B26D-C54DF26CC2EF}"
EndProject
Project("{2150E333-8FDC-42A3-9474-1A3956D46DE8}") = "Solution Items", "Solution Items", "{26FE91AF-64F5-4831-8E39-6D1F398712A4}"
	ProjectSection(SolutionItems) = preProject
		global.json = global.json
	EndProjectSection
EndProject
Project("{8BB2217D-0F2D-49D1-97BC-3654ED321F3B}") = "Knapcode.PoGoNotifications", "src\Knapcode.PoGoNotifications\Knapcode.PoGoNotifications.xproj", "{731A123D-2535-49F0-9922-26AE48172574}"
EndProject
Project("{2150E333-8FDC-42A3-9474-1A3956D46DE8}") = "test", "test", "{11D1A2AD-1E0C-4E3B-8499-902DA0CB9459}"
EndProject
Project("{8BB2217D-0F2D-49D1-97BC-3654ED321F3B}") = "Knapcode.PoGoNotifications.Test", "test\Knapcode.PoGoNotifications.Test\Knapcode.PoGoNotifications.Test.xproj", "{B743EB55-4BDB-4368-8295-909671EF237F}"
EndProject
Project("{8BB2217D-0F2D-49D1-97BC-3654ED321F3B}") = "Knapcode.GroupMe", "src\Knapcode.GroupMe\Knapcode.GroupMe.xproj", "{5F9C2EBE-A79A-47B3-A0E7-67160551DE29}"
EndProject
Project("{8BB2217D-0F2D-49D1-97BC-3654ED321F3B}") = "Knapcode.GroupMe.Test", "test\Knapcode.GroupMe.Test\Knapcode.GroupMe.Test.xproj", "{35D3EE2E-5212-4EB3-8879-4A99E8961165}"
EndProject
Global
	GlobalSection(SolutionConfigurationPlatforms) = preSolution
		Debug|Any CPU = Debug|Any CPU
		Release|Any CPU = Release|Any CPU
	EndGlobalSection
	GlobalSection(ProjectConfigurationPlatforms) = postSolution
		{731A123D-2535-49F0-9922-26AE48172574}.Debug|Any CPU.ActiveCfg = Debug|Any CPU
		{731A123D-2535-49F0-9922-26AE48172574}.Debug|Any CPU.Build.0 = Debug|Any CPU
		{731A123D-2535-49F0-9922-26AE48172574}.Release|Any CPU.ActiveCfg = Release|Any CPU
		{731A123D-2535-49F0-9922-26AE48172574}.Release|Any CPU.Build.0 = Release|Any CPU
		{B743EB55-4BDB-4368-8295-909671EF237F}.Debug|Any CPU.ActiveCfg = Debug|Any CPU
		{B743EB55-4BDB-4368-8295-909671EF237F}.Debug|Any CPU.Build.0 = Debug|Any CPU
		{B743EB55-4BDB-4368-8295-909671EF237F}.Release|Any CPU.ActiveCfg = Release|Any CPU
		{B743EB55-4BDB-4368-8295-909671EF237F}.Release|Any CPU.Build.0 = Release|Any CPU
		{5F9C2EBE-A79A-47B3-A0E7-67160551DE29}.Debug|Any CPU.ActiveCfg = Debug|Any CPU
		{5F9C2EBE-A79A-47B3-A0E7-67160551DE29}.Debug|Any CPU.Build.0 = Debug|Any CPU
		{5F9C2EBE-A79A-47B3-A0E7-67160551DE29}.Release|Any CPU.ActiveCfg = Release|Any CPU
		{5F9C2EBE-A79A-47B3-A0E7-67160551DE29}.Release|Any CPU.Build.0 = Release|Any CPU
		{35D3EE2E-5212-4EB3-8879-4A99E8961165}.Debug|Any CPU.ActiveCfg = Debug|Any CPU
		{35D3EE2E-5212-4EB3-8879-4A99E8961165}.Debug|Any CPU.Build.0 = Debug|Any CPU
		{35D3EE2E-5212-4EB3-8879-4A99E8961165}.Release|Any CPU.ActiveCfg = Release|Any CPU
		{35D3EE2E-5212-4EB3-8879-4A99E8961165}.Release|Any CPU.Build.0 = Release|Any CPU
	EndGlobalSection
	GlobalSection(SolutionProperties) = preSolution
		HideSolutionNode = FALSE
	EndGlobalSection
	GlobalSection(NestedProjects) = preSolution
		{731A123D-2535-49F0-9922-26AE48172574} = {D2C0927C-64A5-4974-B26D-C54DF26CC2EF}
		{B743EB55-4BDB-4368-8295-909671EF237F} = {11D1A2AD-1E0C-4E3B-8499-902DA0CB9459}
		{5F9C2EBE-A79A-47B3-A0E7-67160551DE29} = {D2C0927C-64A5-4974-B26D-C54DF26CC2EF}
		{35D3EE2E-5212-4EB3-8879-4A99E8961165} = {11D1A2AD-1E0C-4E3B-8499-902DA0CB9459}
	EndGlobalSection
EndGlobal
